github.com/Rican7/retry v0.1.0 h1:FqK94z34ly8Baa6K+G8Mmza9rYWTKOJk+yckIBB5qVk=
github.com/Rican7/retry v0.1.0/go.mod h1:FgOROf8P5bebcC1DS0PdOQiqGUridaZvikzUmkFW6gg=
github.com/cenkalti/backoff/v3 v3.0.0 h1:ske+9nBpD9qZsTBoF41nW5L+AIuFBKMeze18XQ3eG1c=
github.com/cenkalti/backoff/v3 v3.0.0/go.mod h1:cIeZDE3IrqwwJl6VUwCN6trj1oXrTS4rc0ij+ULvLYs=
